
Microsoft Visual Studio Solution File, Format Version 12.00
# Visual Studio Version 16
VisualStudioVersion = 16.0.30611.23
MinimumVisualStudioVersion = 10.0.40219.1
Project("{FAE04EC0-301F-11D3-BF4B-00C04F79EFBC}") = "OtoMotorDto", "OtoMotorDto.csproj", "{439D1132-8DF3-4ED8-9C9A-DF04FA8E4E00}"
EndProject
Global
	GlobalSection(SolutionConfigurationPlatforms) = preSolution
		Debug|Any CPU = Debug|Any CPU
		Release|Any CPU = Release|Any CPU
	EndGlobalSection
	GlobalSection(ProjectConfigurationPlatforms) = postSolution
		{439D1132-8DF3-4ED8-9C9A-DF04FA8E4E00}.Debug|Any CPU.ActiveCfg = Debug|Any CPU
		{439D1132-8DF3-4ED8-9C9A-DF04FA8E4E00}.Debug|Any CPU.Build.0 = Debug|Any CPU
		{439D1132-8DF3-4ED8-9C9A-DF04FA8E4E00}.Release|Any CPU.ActiveCfg = Release|Any CPU
		{439D1132-8DF3-4ED8-9C9A-DF04FA8E4E00}.Release|Any CPU.Build.0 = Release|Any CPU
	EndGlobalSection
	GlobalSection(SolutionProperties) = preSolution
		HideSolutionNode = FALSE
	EndGlobalSection
	GlobalSection(ExtensibilityGlobals) = postSolution
		SolutionGuid = {8E153FF3-59D1-4AEE-B46C-89678EB4E087}
	EndGlobalSection
EndGlobal
